{
  "object": {
    "pins": [
      {
        "package": "Crypto",
        "repositoryURL": "https://github.com/soffes/Crypto",
        "state": {
          "branch": null,
          "revision": "0e9cb691eba2130a647e84775050ae2a57c12d26",
          "version": "0.6.0"
        }
      },
      {
        "package": "KeychainAccess",
        "repositoryURL": "https://github.com/kishikawakatsumi/KeychainAccess",
        "state": {
          "branch": null,
          "revision": "3d0ea2c0806791abcc5d7f0d9f62f1cfd4a7264d",
          "version": "4.2.0"
        }
      }
    ]
  },
  "version": 1
}
